
Microsoft Visual Studio Solution File, Format Version 12.00
# Visual Studio 15
VisualStudioVersion = 15.0.27004.2002
MinimumVisualStudioVersion = 10.0.40219.1
Project("{FAE04EC0-301F-11D3-BF4B-00C04F79EFBC}") = "Snak Klient", "Snak Klient\Snak Klient.csproj", "{770CFC7A-A5F4-4CC5-81BA-31D49D8DCC03}"
EndProject
Project("{2150E333-8FDC-42A3-9474-1A3956D46DE8}") = "Solution Items", "Solution Items", "{074A40D5-2D6E-42E2-8B16-2D25B08BEC68}"
EndProject
Global
	GlobalSection(SolutionConfigurationPlatforms) = preSolution
		Debug|Any CPU = Debug|Any CPU
		Release|Any CPU = Release|Any CPU
	EndGlobalSection
	GlobalSection(ProjectConfigurationPlatforms) = postSolution
		{770CFC7A-A5F4-4CC5-81BA-31D49D8DCC03}.Debug|Any CPU.ActiveCfg = Debug|Any CPU
		{770CFC7A-A5F4-4CC5-81BA-31D49D8DCC03}.Debug|Any CPU.Build.0 = Debug|Any CPU
		{770CFC7A-A5F4-4CC5-81BA-31D49D8DCC03}.Release|Any CPU.ActiveCfg = Release|Any CPU
		{770CFC7A-A5F4-4CC5-81BA-31D49D8DCC03}.Release|Any CPU.Build.0 = Release|Any CPU
	EndGlobalSection
	GlobalSection(SolutionProperties) = preSolution
		HideSolutionNode = FALSE
	EndGlobalSection
	GlobalSection(ExtensibilityGlobals) = postSolution
		SolutionGuid = {AB49891D-84CB-45FF-A2B8-3D16E15B7087}
	EndGlobalSection
EndGlobal
